
Microsoft Visual Studio Solution File, Format Version 12.00
# Visual Studio 15
VisualStudioVersion = 15.0.28307.136
MinimumVisualStudioVersion = 10.0.40219.1
Project("{FAE04EC0-301F-11D3-BF4B-00C04F79EFBC}") = "console_app", "console_app.csproj", "{3BAF25A8-C98F-4386-87DE-A69713CF5053}"
EndProject
Project("{2150E333-8FDC-42A3-9474-1A3956D46DE8}") = "Solution Items", "Solution Items", "{CABF5790-41D6-48D2-9B73-53F2E8B087B8}"
	ProjectSection(SolutionItems) = preProject
		..\convert.ps1 = ..\convert.ps1
		..\FileStar.msi = ..\FileStar.msi
	EndProjectSection
EndProject
Global
	GlobalSection(SolutionConfigurationPlatforms) = preSolution
		Debug|Any CPU = Debug|Any CPU
		Release|Any CPU = Release|Any CPU
	EndGlobalSection
	GlobalSection(ProjectConfigurationPlatforms) = postSolution
		{3BAF25A8-C98F-4386-87DE-A69713CF5053}.Debug|Any CPU.ActiveCfg = Debug|Any CPU
		{3BAF25A8-C98F-4386-87DE-A69713CF5053}.Debug|Any CPU.Build.0 = Debug|Any CPU
		{3BAF25A8-C98F-4386-87DE-A69713CF5053}.Release|Any CPU.ActiveCfg = Release|Any CPU
		{3BAF25A8-C98F-4386-87DE-A69713CF5053}.Release|Any CPU.Build.0 = Release|Any CPU
	EndGlobalSection
	GlobalSection(SolutionProperties) = preSolution
		HideSolutionNode = FALSE
	EndGlobalSection
	GlobalSection(ExtensibilityGlobals) = postSolution
		SolutionGuid = {EC1E1AF0-AD0D-4D9E-B158-43FCF4CB7814}
	EndGlobalSection
EndGlobal
